// !$*UTF8*$!
{
	archiveVersion = 1;
	classes = {
	};
	objectVersion = 56;
	objects = {

/* Begin PBXBuildFile section */
		84D785F829CC5445004D518D /* Coordinator.swift in Sources */ = {isa = PBXBuildFile; fileRef = 84D785F729CC5445004D518D /* Coordinator.swift */; };
		84D785FA29CC54FB004D518D /* AppCoordinator.swift in Sources */ = {isa = PBXBuildFile; fileRef = 84D785F929CC54FB004D518D /* AppCoordinator.swift */; };
		84D785FD29CC5AB9004D518D /* SnapKit in Frameworks */ = {isa = PBXBuildFile; productRef = 84D785FC29CC5AB9004D518D /* SnapKit */; };
		84D7860029CC5C2D004D518D /* LoginViewController.swift in Sources */ = {isa = PBXBuildFile; fileRef = 84D785FF29CC5C2D004D518D /* LoginViewController.swift */; };
		84D7860529CC5D5D004D518D /* LoginScreenModel.swift in Sources */ = {isa = PBXBuildFile; fileRef = 84D7860429CC5D5D004D518D /* LoginScreenModel.swift */; };
		84D7860729CC5D8F004D518D /* LoginScreenViewModel.swift in Sources */ = {isa = PBXBuildFile; fileRef = 84D7860629CC5D8F004D518D /* LoginScreenViewModel.swift */; };
		84D7860A29CC6240004D518D /* LoginScreenView.swift in Sources */ = {isa = PBXBuildFile; fileRef = 84D7860929CC6240004D518D /* LoginScreenView.swift */; };
		84D7860C29CC7752004D518D /* Colors.swift in Sources */ = {isa = PBXBuildFile; fileRef = 84D7860B29CC7752004D518D /* Colors.swift */; };
		84D7860E29CC7A0C004D518D /* OutlinedTextField.swift in Sources */ = {isa = PBXBuildFile; fileRef = 84D7860D29CC7A0C004D518D /* OutlinedTextField.swift */; };
		84D7861029CC8534004D518D /* FilledButton.swift in Sources */ = {isa = PBXBuildFile; fileRef = 84D7860F29CC8534004D518D /* FilledButton.swift */; };
		84D7861229CC8767004D518D /* OutlinedButton.swift in Sources */ = {isa = PBXBuildFile; fileRef = 84D7861129CC8767004D518D /* OutlinedButton.swift */; };
		84E4C7E929CAD6F80004732C /* AppDelegate.swift in Sources */ = {isa = PBXBuildFile; fileRef = 84E4C7E829CAD6F80004732C /* AppDelegate.swift */; };
		84E4C7F229CAD6F90004732C /* Assets.xcassets in Resources */ = {isa = PBXBuildFile; fileRef = 84E4C7F129CAD6F90004732C /* Assets.xcassets */; };
		84E4C7F529CAD6F90004732C /* LaunchScreen.storyboard in Resources */ = {isa = PBXBuildFile; fileRef = 84E4C7F329CAD6F90004732C /* LaunchScreen.storyboard */; };
/* End PBXBuildFile section */

/* Begin PBXFileReference section */
		84D785F729CC5445004D518D /* Coordinator.swift */ = {isa = PBXFileReference; lastKnownFileType = sourcecode.swift; path = Coordinator.swift; sourceTree = "<group>"; };
		84D785F929CC54FB004D518D /* AppCoordinator.swift */ = {isa = PBXFileReference; lastKnownFileType = sourcecode.swift; path = AppCoordinator.swift; sourceTree = "<group>"; };
		84D785FF29CC5C2D004D518D /* LoginViewController.swift */ = {isa = PBXFileReference; lastKnownFileType = sourcecode.swift; path = LoginViewController.swift; sourceTree = "<group>"; };
		84D7860429CC5D5D004D518D /* LoginScreenModel.swift */ = {isa = PBXFileReference; lastKnownFileType = sourcecode.swift; path = LoginScreenModel.swift; sourceTree = "<group>"; };
		84D7860629CC5D8F004D518D /* LoginScreenViewModel.swift */ = {isa = PBXFileReference; lastKnownFileType = sourcecode.swift; path = LoginScreenViewModel.swift; sourceTree = "<group>"; };
		84D7860929CC6240004D518D /* LoginScreenView.swift */ = {isa = PBXFileReference; lastKnownFileType = sourcecode.swift; path = LoginScreenView.swift; sourceTree = "<group>"; };
		84D7860B29CC7752004D518D /* Colors.swift */ = {isa = PBXFileReference; lastKnownFileType = sourcecode.swift; path = Colors.swift; sourceTree = "<group>"; };
		84D7860D29CC7A0C004D518D /* OutlinedTextField.swift */ = {isa = PBXFileReference; lastKnownFileType = sourcecode.swift; path = OutlinedTextField.swift; sourceTree = "<group>"; };
		84D7860F29CC8534004D518D /* FilledButton.swift */ = {isa = PBXFileReference; lastKnownFileType = sourcecode.swift; path = FilledButton.swift; sourceTree = "<group>"; };
		84D7861129CC8767004D518D /* OutlinedButton.swift */ = {isa = PBXFileReference; lastKnownFileType = sourcecode.swift; path = OutlinedButton.swift; sourceTree = "<group>"; };
		84E4C7E529CAD6F80004732C /* Mobile-Cinema-Lab1.app */ = {isa = PBXFileReference; explicitFileType = wrapper.application; includeInIndex = 0; path = "Mobile-Cinema-Lab1.app"; sourceTree = BUILT_PRODUCTS_DIR; };
		84E4C7E829CAD6F80004732C /* AppDelegate.swift */ = {isa = PBXFileReference; lastKnownFileType = sourcecode.swift; path = AppDelegate.swift; sourceTree = "<group>"; };
		84E4C7F129CAD6F90004732C /* Assets.xcassets */ = {isa = PBXFileReference; lastKnownFileType = folder.assetcatalog; path = Assets.xcassets; sourceTree = "<group>"; };
		84E4C7F429CAD6F90004732C /* Base */ = {isa = PBXFileReference; lastKnownFileType = file.storyboard; name = Base; path = Base.lproj/LaunchScreen.storyboard; sourceTree = "<group>"; };
		84E4C7F629CAD6F90004732C /* Info.plist */ = {isa = PBXFileReference; lastKnownFileType = text.plist.xml; path = Info.plist; sourceTree = "<group>"; };
/* End PBXFileReference section */

/* Begin PBXFrameworksBuildPhase section */
		84E4C7E229CAD6F80004732C /* Frameworks */ = {
			isa = PBXFrameworksBuildPhase;
			buildActionMask = 2147483647;
			files = (
				84D785FD29CC5AB9004D518D /* SnapKit in Frameworks */,
			);
			runOnlyForDeploymentPostprocessing = 0;
		};
/* End PBXFrameworksBuildPhase section */

/* Begin PBXGroup section */
		84D785F629CC5432004D518D /* Protocols */ = {
			isa = PBXGroup;
			children = (
				84D785F729CC5445004D518D /* Coordinator.swift */,
			);
			path = Protocols;
			sourceTree = "<group>";
		};
		84D785FE29CC5C0B004D518D /* LoginScreen */ = {
			isa = PBXGroup;
			children = (
				84D7860829CC6227004D518D /* View */,
				84D7860329CC5D50004D518D /* Model */,
				84D7860229CC5D4B004D518D /* ViewModel */,
				84D7860129CC5D40004D518D /* ViewController */,
			);
			path = LoginScreen;
			sourceTree = "<group>";
		};
		84D7860129CC5D40004D518D /* ViewController */ = {
			isa = PBXGroup;
			children = (
				84D785FF29CC5C2D004D518D /* LoginViewController.swift */,
			);
			path = ViewController;
			sourceTree = "<group>";
		};
		84D7860229CC5D4B004D518D /* ViewModel */ = {
			isa = PBXGroup;
			children = (
				84D7860629CC5D8F004D518D /* LoginScreenViewModel.swift */,
			);
			path = ViewModel;
			sourceTree = "<group>";
		};
		84D7860329CC5D50004D518D /* Model */ = {
			isa = PBXGroup;
			children = (
				84D7860429CC5D5D004D518D /* LoginScreenModel.swift */,
			);
			path = Model;
			sourceTree = "<group>";
		};
		84D7860829CC6227004D518D /* View */ = {
			isa = PBXGroup;
			children = (
				84D7860929CC6240004D518D /* LoginScreenView.swift */,
				84D7860D29CC7A0C004D518D /* OutlinedTextField.swift */,
				84D7860F29CC8534004D518D /* FilledButton.swift */,
				84D7861129CC8767004D518D /* OutlinedButton.swift */,
			);
			path = View;
			sourceTree = "<group>";
		};
		84E4C7DC29CAD6F80004732C = {
			isa = PBXGroup;
			children = (
				84E4C7E729CAD6F80004732C /* Mobile-Cinema-Lab1 */,
				84E4C7E629CAD6F80004732C /* Products */,
			);
			sourceTree = "<group>";
		};
		84E4C7E629CAD6F80004732C /* Products */ = {
			isa = PBXGroup;
			children = (
				84E4C7E529CAD6F80004732C /* Mobile-Cinema-Lab1.app */,
			);
			name = Products;
			sourceTree = "<group>";
		};
		84E4C7E729CAD6F80004732C /* Mobile-Cinema-Lab1 */ = {
			isa = PBXGroup;
			children = (
				84D785FE29CC5C0B004D518D /* LoginScreen */,
				84D785F629CC5432004D518D /* Protocols */,
				84E4C7E829CAD6F80004732C /* AppDelegate.swift */,
				84E4C7F129CAD6F90004732C /* Assets.xcassets */,
				84E4C7F329CAD6F90004732C /* LaunchScreen.storyboard */,
				84E4C7F629CAD6F90004732C /* Info.plist */,
				84D785F929CC54FB004D518D /* AppCoordinator.swift */,
				84D7860B29CC7752004D518D /* Colors.swift */,
			);
			path = "Mobile-Cinema-Lab1";
			sourceTree = "<group>";
		};
/* End PBXGroup section */

/* Begin PBXNativeTarget section */
		84E4C7E429CAD6F80004732C /* Mobile-Cinema-Lab1 */ = {
			isa = PBXNativeTarget;
			buildConfigurationList = 84E4C7F929CAD6F90004732C /* Build configuration list for PBXNativeTarget "Mobile-Cinema-Lab1" */;
			buildPhases = (
				84E4C7E129CAD6F80004732C /* Sources */,
				84E4C7E229CAD6F80004732C /* Frameworks */,
				84E4C7E329CAD6F80004732C /* Resources */,
			);
			buildRules = (
			);
			dependencies = (
			);
			name = "Mobile-Cinema-Lab1";
			packageProductDependencies = (
				84D785FC29CC5AB9004D518D /* SnapKit */,
			);
			productName = "Mobile-Cinema-Lab1";
			productReference = 84E4C7E529CAD6F80004732C /* Mobile-Cinema-Lab1.app */;
			productType = "com.apple.product-type.application";
		};
/* End PBXNativeTarget section */

/* Begin PBXProject section */
		84E4C7DD29CAD6F80004732C /* Project object */ = {
			isa = PBXProject;
			attributes = {
				BuildIndependentTargetsInParallel = 1;
				LastSwiftUpdateCheck = 1420;
				LastUpgradeCheck = 1420;
				TargetAttributes = {
					84E4C7E429CAD6F80004732C = {
						CreatedOnToolsVersion = 14.2;
					};
				};
			};
			buildConfigurationList = 84E4C7E029CAD6F80004732C /* Build configuration list for PBXProject "Mobile-Cinema-Lab1" */;
			compatibilityVersion = "Xcode 14.0";
			developmentRegion = en;
			hasScannedForEncodings = 0;
			knownRegions = (
				en,
				Base,
			);
			mainGroup = 84E4C7DC29CAD6F80004732C;
			packageReferences = (
				84D785FB29CC5AB9004D518D /* XCRemoteSwiftPackageReference "SnapKit" */,
			);
			productRefGroup = 84E4C7E629CAD6F80004732C /* Products */;
			projectDirPath = "";
			projectRoot = "";
			targets = (
				84E4C7E429CAD6F80004732C /* Mobile-Cinema-Lab1 */,
			);
		};
/* End PBXProject section */

/* Begin PBXResourcesBuildPhase section */
		84E4C7E329CAD6F80004732C /* Resources */ = {
			isa = PBXResourcesBuildPhase;
			buildActionMask = 2147483647;
			files = (
				84E4C7F529CAD6F90004732C /* LaunchScreen.storyboard in Resources */,
				84E4C7F229CAD6F90004732C /* Assets.xcassets in Resources */,
			);
			runOnlyForDeploymentPostprocessing = 0;
		};
/* End PBXResourcesBuildPhase section */

/* Begin PBXSourcesBuildPhase section */
		84E4C7E129CAD6F80004732C /* Sources */ = {
			isa = PBXSourcesBuildPhase;
			buildActionMask = 2147483647;
			files = (
				84D7860E29CC7A0C004D518D /* OutlinedTextField.swift in Sources */,
				84D7861029CC8534004D518D /* FilledButton.swift in Sources */,
				84D785F829CC5445004D518D /* Coordinator.swift in Sources */,
				84D7860C29CC7752004D518D /* Colors.swift in Sources */,
				84D7861229CC8767004D518D /* OutlinedButton.swift in Sources */,
				84D7860529CC5D5D004D518D /* LoginScreenModel.swift in Sources */,
				84D785FA29CC54FB004D518D /* AppCoordinator.swift in Sources */,
				84D7860A29CC6240004D518D /* LoginScreenView.swift in Sources */,
				84D7860729CC5D8F004D518D /* LoginScreenViewModel.swift in Sources */,
				84D7860029CC5C2D004D518D /* LoginViewController.swift in Sources */,
				84E4C7E929CAD6F80004732C /* AppDelegate.swift in Sources */,
			);
			runOnlyForDeploymentPostprocessing = 0;
		};
/* End PBXSourcesBuildPhase section */

/* Begin PBXVariantGroup section */
		84E4C7F329CAD6F90004732C /* LaunchScreen.storyboard */ = {
			isa = PBXVariantGroup;
			children = (
				84E4C7F429CAD6F90004732C /* Base */,
			);
			name = LaunchScreen.storyboard;
			sourceTree = "<group>";
		};
/* End PBXVariantGroup section */

/* Begin XCBuildConfiguration section */
		84E4C7F729CAD6F90004732C /* Debug */ = {
			isa = XCBuildConfiguration;
			buildSettings = {
				ALWAYS_SEARCH_USER_PATHS = NO;
				CLANG_ANALYZER_NONNULL = YES;
				CLANG_ANALYZER_NUMBER_OBJECT_CONVERSION = YES_AGGRESSIVE;
				CLANG_CXX_LANGUAGE_STANDARD = "gnu++20";
				CLANG_ENABLE_MODULES = YES;
				CLANG_ENABLE_OBJC_ARC = YES;
				CLANG_ENABLE_OBJC_WEAK = YES;
				CLANG_WARN_BLOCK_CAPTURE_AUTORELEASING = YES;
				CLANG_WARN_BOOL_CONVERSION = YES;
				CLANG_WARN_COMMA = YES;
				CLANG_WARN_CONSTANT_CONVERSION = YES;
				CLANG_WARN_DEPRECATED_OBJC_IMPLEMENTATIONS = YES;
				CLANG_WARN_DIRECT_OBJC_ISA_USAGE = YES_ERROR;
				CLANG_WARN_DOCUMENTATION_COMMENTS = YES;
				CLANG_WARN_EMPTY_BODY = YES;
				CLANG_WARN_ENUM_CONVERSION = YES;
				CLANG_WARN_INFINITE_RECURSION = YES;
				CLANG_WARN_INT_CONVERSION = YES;
				CLANG_WARN_NON_LITERAL_NULL_CONVERSION = YES;
				CLANG_WARN_OBJC_IMPLICIT_RETAIN_SELF = YES;
				CLANG_WARN_OBJC_LITERAL_CONVERSION = YES;
				CLANG_WARN_OBJC_ROOT_CLASS = YES_ERROR;
				CLANG_WARN_QUOTED_INCLUDE_IN_FRAMEWORK_HEADER = YES;
				CLANG_WARN_RANGE_LOOP_ANALYSIS = YES;
				CLANG_WARN_STRICT_PROTOTYPES = YES;
				CLANG_WARN_SUSPICIOUS_MOVE = YES;
				CLANG_WARN_UNGUARDED_AVAILABILITY = YES_AGGRESSIVE;
				CLANG_WARN_UNREACHABLE_CODE = YES;
				CLANG_WARN__DUPLICATE_METHOD_MATCH = YES;
				COPY_PHASE_STRIP = NO;
				DEBUG_INFORMATION_FORMAT = dwarf;
				ENABLE_STRICT_OBJC_MSGSEND = YES;
				ENABLE_TESTABILITY = YES;
				GCC_C_LANGUAGE_STANDARD = gnu11;
				GCC_DYNAMIC_NO_PIC = NO;
				GCC_NO_COMMON_BLOCKS = YES;
				GCC_OPTIMIZATION_LEVEL = 0;
				GCC_PREPROCESSOR_DEFINITIONS = (
					"DEBUG=1",
					"$(inherited)",
				);
				GCC_WARN_64_TO_32_BIT_CONVERSION = YES;
				GCC_WARN_ABOUT_RETURN_TYPE = YES_ERROR;
				GCC_WARN_UNDECLARED_SELECTOR = YES;
				GCC_WARN_UNINITIALIZED_AUTOS = YES_AGGRESSIVE;
				GCC_WARN_UNUSED_FUNCTION = YES;
				GCC_WARN_UNUSED_VARIABLE = YES;
				IPHONEOS_DEPLOYMENT_TARGET = 16.2;
				MTL_ENABLE_DEBUG_INFO = INCLUDE_SOURCE;
				MTL_FAST_MATH = YES;
				ONLY_ACTIVE_ARCH = YES;
				SDKROOT = iphoneos;
				SWIFT_ACTIVE_COMPILATION_CONDITIONS = DEBUG;
				SWIFT_OPTIMIZATION_LEVEL = "-Onone";
			};
			name = Debug;
		};
		84E4C7F829CAD6F90004732C /* Release */ = {
			isa = XCBuildConfiguration;
			buildSettings = {
				ALWAYS_SEARCH_USER_PATHS = NO;
				CLANG_ANALYZER_NONNULL = YES;
				CLANG_ANALYZER_NUMBER_OBJECT_CONVERSION = YES_AGGRESSIVE;
				CLANG_CXX_LANGUAGE_STANDARD = "gnu++20";
				CLANG_ENABLE_MODULES = YES;
				CLANG_ENABLE_OBJC_ARC = YES;
				CLANG_ENABLE_OBJC_WEAK = YES;
				CLANG_WARN_BLOCK_CAPTURE_AUTORELEASING = YES;
				CLANG_WARN_BOOL_CONVERSION = YES;
				CLANG_WARN_COMMA = YES;
				CLANG_WARN_CONSTANT_CONVERSION = YES;
				CLANG_WARN_DEPRECATED_OBJC_IMPLEMENTATIONS = YES;
				CLANG_WARN_DIRECT_OBJC_ISA_USAGE = YES_ERROR;
				CLANG_WARN_DOCUMENTATION_COMMENTS = YES;
				CLANG_WARN_EMPTY_BODY = YES;
				CLANG_WARN_ENUM_CONVERSION = YES;
				CLANG_WARN_INFINITE_RECURSION = YES;
				CLANG_WARN_INT_CONVERSION = YES;
				CLANG_WARN_NON_LITERAL_NULL_CONVERSION = YES;
				CLANG_WARN_OBJC_IMPLICIT_RETAIN_SELF = YES;
				CLANG_WARN_OBJC_LITERAL_CONVERSION = YES;
				CLANG_WARN_OBJC_ROOT_CLASS = YES_ERROR;
				CLANG_WARN_QUOTED_INCLUDE_IN_FRAMEWORK_HEADER = YES;
				CLANG_WARN_RANGE_LOOP_ANALYSIS = YES;
				CLANG_WARN_STRICT_PROTOTYPES = YES;
				CLANG_WARN_SUSPICIOUS_MOVE = YES;
				CLANG_WARN_UNGUARDED_AVAILABILITY = YES_AGGRESSIVE;
				CLANG_WARN_UNREACHABLE_CODE = YES;
				CLANG_WARN__DUPLICATE_METHOD_MATCH = YES;
				COPY_PHASE_STRIP = NO;
				DEBUG_INFORMATION_FORMAT = "dwarf-with-dsym";
				ENABLE_NS_ASSERTIONS = NO;
				ENABLE_STRICT_OBJC_MSGSEND = YES;
				GCC_C_LANGUAGE_STANDARD = gnu11;
				GCC_NO_COMMON_BLOCKS = YES;
				GCC_WARN_64_TO_32_BIT_CONVERSION = YES;
				GCC_WARN_ABOUT_RETURN_TYPE = YES_ERROR;
				GCC_WARN_UNDECLARED_SELECTOR = YES;
				GCC_WARN_UNINITIALIZED_AUTOS = YES_AGGRESSIVE;
				GCC_WARN_UNUSED_FUNCTION = YES;
				GCC_WARN_UNUSED_VARIABLE = YES;
				IPHONEOS_DEPLOYMENT_TARGET = 16.2;
				MTL_ENABLE_DEBUG_INFO = NO;
				MTL_FAST_MATH = YES;
				SDKROOT = iphoneos;
				SWIFT_COMPILATION_MODE = wholemodule;
				SWIFT_OPTIMIZATION_LEVEL = "-O";
				VALIDATE_PRODUCT = YES;
			};
			name = Release;
		};
		84E4C7FA29CAD6F90004732C /* Debug */ = {
			isa = XCBuildConfiguration;
			buildSettings = {
				ASSETCATALOG_COMPILER_APPICON_NAME = AppIcon;
				ASSETCATALOG_COMPILER_GLOBAL_ACCENT_COLOR_NAME = AccentColor;
				CODE_SIGN_STYLE = Automatic;
				CURRENT_PROJECT_VERSION = 1;
				GENERATE_INFOPLIST_FILE = YES;
				INFOPLIST_FILE = "Mobile-Cinema-Lab1/Info.plist";
				INFOPLIST_KEY_UIApplicationSupportsIndirectInputEvents = YES;
				INFOPLIST_KEY_UILaunchStoryboardName = LaunchScreen;
				INFOPLIST_KEY_UIMainStoryboardFile = "";
				INFOPLIST_KEY_UISupportedInterfaceOrientations = UIInterfaceOrientationPortrait;
				INFOPLIST_KEY_UISupportedInterfaceOrientations_iPad = "UIInterfaceOrientationLandscapeLeft UIInterfaceOrientationLandscapeRight UIInterfaceOrientationPortrait UIInterfaceOrientationPortraitUpsideDown";
				IPHONEOS_DEPLOYMENT_TARGET = 13.0;
				LD_RUNPATH_SEARCH_PATHS = (
					"$(inherited)",
					"@executable_path/Frameworks",
				);
				MARKETING_VERSION = 1.0;
				PRODUCT_BUNDLE_IDENTIFIER = "foolery.Mobile-Cinema-Lab1";
				PRODUCT_NAME = "$(TARGET_NAME)";
				SWIFT_EMIT_LOC_STRINGS = YES;
				SWIFT_VERSION = 5.0;
				TARGETED_DEVICE_FAMILY = "1,2";
			};
			name = Debug;
		};
		84E4C7FB29CAD6F90004732C /* Release */ = {
			isa = XCBuildConfiguration;
			buildSettings = {
				ASSETCATALOG_COMPILER_APPICON_NAME = AppIcon;
				ASSETCATALOG_COMPILER_GLOBAL_ACCENT_COLOR_NAME = AccentColor;
				CODE_SIGN_STYLE = Automatic;
				CURRENT_PROJECT_VERSION = 1;
				GENERATE_INFOPLIST_FILE = YES;
				INFOPLIST_FILE = "Mobile-Cinema-Lab1/Info.plist";
				INFOPLIST_KEY_UIApplicationSupportsIndirectInputEvents = YES;
				INFOPLIST_KEY_UILaunchStoryboardName = LaunchScreen;
				INFOPLIST_KEY_UIMainStoryboardFile = "";
				INFOPLIST_KEY_UISupportedInterfaceOrientations = UIInterfaceOrientationPortrait;
				INFOPLIST_KEY_UISupportedInterfaceOrientations_iPad = "UIInterfaceOrientationLandscapeLeft UIInterfaceOrientationLandscapeRight UIInterfaceOrientationPortrait UIInterfaceOrientationPortraitUpsideDown";
				IPHONEOS_DEPLOYMENT_TARGET = 13.0;
				LD_RUNPATH_SEARCH_PATHS = (
					"$(inherited)",
					"@executable_path/Frameworks",
				);
				MARKETING_VERSION = 1.0;
				PRODUCT_BUNDLE_IDENTIFIER = "foolery.Mobile-Cinema-Lab1";
				PRODUCT_NAME = "$(TARGET_NAME)";
				SWIFT_EMIT_LOC_STRINGS = YES;
				SWIFT_VERSION = 5.0;
				TARGETED_DEVICE_FAMILY = "1,2";
			};
			name = Release;
		};
/* End XCBuildConfiguration section */

/* Begin XCConfigurationList section */
		84E4C7E029CAD6F80004732C /* Build configuration list for PBXProject "Mobile-Cinema-Lab1" */ = {
			isa = XCConfigurationList;
			buildConfigurations = (
				84E4C7F729CAD6F90004732C /* Debug */,
				84E4C7F829CAD6F90004732C /* Release */,
			);
			defaultConfigurationIsVisible = 0;
			defaultConfigurationName = Release;
		};
		84E4C7F929CAD6F90004732C /* Build configuration list for PBXNativeTarget "Mobile-Cinema-Lab1" */ = {
			isa = XCConfigurationList;
			buildConfigurations = (
				84E4C7FA29CAD6F90004732C /* Debug */,
				84E4C7FB29CAD6F90004732C /* Release */,
			);
			defaultConfigurationIsVisible = 0;
			defaultConfigurationName = Release;
		};
/* End XCConfigurationList section */

/* Begin XCRemoteSwiftPackageReference section */
		84D785FB29CC5AB9004D518D /* XCRemoteSwiftPackageReference "SnapKit" */ = {
			isa = XCRemoteSwiftPackageReference;
			repositoryURL = "https://github.com/SnapKit/SnapKit.git";
			requirement = {
				kind = upToNextMajorVersion;
				minimumVersion = 5.0.0;
			};
		};
/* End XCRemoteSwiftPackageReference section */

/* Begin XCSwiftPackageProductDependency section */
		84D785FC29CC5AB9004D518D /* SnapKit */ = {
			isa = XCSwiftPackageProductDependency;
			package = 84D785FB29CC5AB9004D518D /* XCRemoteSwiftPackageReference "SnapKit" */;
			productName = SnapKit;
		};
/* End XCSwiftPackageProductDependency section */
	};
	rootObject = 84E4C7DD29CAD6F80004732C /* Project object */;
}
