// !$*UTF8*$!
{
	archiveVersion = 1;
	classes = {
	};
	objectVersion = 56;
	objects = {

/* Begin PBXBuildFile section */
		843C9B8629D6E91300E370EC /* ForMeCollectionView.swift in Sources */ = {isa = PBXBuildFile; fileRef = 843C9B8529D6E91300E370EC /* ForMeCollectionView.swift */; };
		843C9B8829D6E94F00E370EC /* ForMeCollectionViewCell.swift in Sources */ = {isa = PBXBuildFile; fileRef = 843C9B8729D6E94F00E370EC /* ForMeCollectionViewCell.swift */; };
		843C9B8A29D6F1BC00E370EC /* MainTabBarController.swift in Sources */ = {isa = PBXBuildFile; fileRef = 843C9B8929D6F1BC00E370EC /* MainTabBarController.swift */; };
		843C9B8C29D6F96300E370EC /* MainTabBarCoordinator.swift in Sources */ = {isa = PBXBuildFile; fileRef = 843C9B8B29D6F96300E370EC /* MainTabBarCoordinator.swift */; };
		843C9B9429D717D600E370EC /* MovieScreenViewController.swift in Sources */ = {isa = PBXBuildFile; fileRef = 843C9B9329D717D600E370EC /* MovieScreenViewController.swift */; };
		843C9B9629D71A1300E370EC /* MovieScreenViewModel.swift in Sources */ = {isa = PBXBuildFile; fileRef = 843C9B9529D71A1300E370EC /* MovieScreenViewModel.swift */; };
		843C9B9829D71AAE00E370EC /* MovieScreenView.swift in Sources */ = {isa = PBXBuildFile; fileRef = 843C9B9729D71AAE00E370EC /* MovieScreenView.swift */; };
		843C9B9A29D72A6200E370EC /* GenresCollectionView.swift in Sources */ = {isa = PBXBuildFile; fileRef = 843C9B9929D72A6200E370EC /* GenresCollectionView.swift */; };
		843C9B9C29D72C7E00E370EC /* GenresCollectionViewCell.swift in Sources */ = {isa = PBXBuildFile; fileRef = 843C9B9B29D72C7E00E370EC /* GenresCollectionViewCell.swift */; };
		843C9B9F29D72F5300E370EC /* GetGenresListFromTagsUseCase.swift in Sources */ = {isa = PBXBuildFile; fileRef = 843C9B9E29D72F5300E370EC /* GetGenresListFromTagsUseCase.swift */; };
		843C9BA229D7454800E370EC /* GenresFlowLayout.swift in Sources */ = {isa = PBXBuildFile; fileRef = 843C9BA129D7454800E370EC /* GenresFlowLayout.swift */; };
		844A26B229D7F9A200395B0C /* SnapKit in Frameworks */ = {isa = PBXBuildFile; productRef = 844A26B129D7F9A200395B0C /* SnapKit */; };
		844A26B529D7F9B700395B0C /* SwiftKeychainWrapper in Frameworks */ = {isa = PBXBuildFile; productRef = 844A26B429D7F9B700395B0C /* SwiftKeychainWrapper */; };
		844A26B829D7F9C700395B0C /* Alamofire in Frameworks */ = {isa = PBXBuildFile; productRef = 844A26B729D7F9C700395B0C /* Alamofire */; };
		844A26BC29D80E5C00395B0C /* ShotsCollectionView.swift in Sources */ = {isa = PBXBuildFile; fileRef = 844A26BB29D80E5C00395B0C /* ShotsCollectionView.swift */; };
		844A26BE29D80F8D00395B0C /* ShotsCollectionViewCell.swift in Sources */ = {isa = PBXBuildFile; fileRef = 844A26BD29D80F8D00395B0C /* ShotsCollectionViewCell.swift */; };
		844A26C129D827EA00395B0C /* EpisodesTableView.swift in Sources */ = {isa = PBXBuildFile; fileRef = 844A26C029D827EA00395B0C /* EpisodesTableView.swift */; };
		844A26C329D828B300395B0C /* EpisodeModel.swift in Sources */ = {isa = PBXBuildFile; fileRef = 844A26C229D828B300395B0C /* EpisodeModel.swift */; };
		844A26C529D82E1100395B0C /* EpisodesTableViewCell.swift in Sources */ = {isa = PBXBuildFile; fileRef = 844A26C429D82E1100395B0C /* EpisodesTableViewCell.swift */; };
		844A26C729D862D300395B0C /* MovieScreenModel.swift in Sources */ = {isa = PBXBuildFile; fileRef = 844A26C629D862D300395B0C /* MovieScreenModel.swift */; };
		844A26C929D88B9400395B0C /* GetAgeLimitLabelUseCase.swift in Sources */ = {isa = PBXBuildFile; fileRef = 844A26C829D88B9400395B0C /* GetAgeLimitLabelUseCase.swift */; };
		846E48B129D201D2006B5F59 /* MovieModel.swift in Sources */ = {isa = PBXBuildFile; fileRef = 846E48B029D201D2006B5F59 /* MovieModel.swift */; };
		846E48B329D202CC006B5F59 /* TagModel.swift in Sources */ = {isa = PBXBuildFile; fileRef = 846E48B229D202CC006B5F59 /* TagModel.swift */; };
		849FA1CF29D57BC90097223A /* MovieRepository.swift in Sources */ = {isa = PBXBuildFile; fileRef = 849FA1CE29D57BC90097223A /* MovieRepository.swift */; };
		849FA1D129D57C310097223A /* AuthRepository.swift in Sources */ = {isa = PBXBuildFile; fileRef = 849FA1D029D57C310097223A /* AuthRepository.swift */; };
		849FA1D329D57D800097223A /* InTrendMoviesViewModel.swift in Sources */ = {isa = PBXBuildFile; fileRef = 849FA1D229D57D800097223A /* InTrendMoviesViewModel.swift */; };
		849FA1D529D57DB10097223A /* InTrendMoviesModel.swift in Sources */ = {isa = PBXBuildFile; fileRef = 849FA1D429D57DB10097223A /* InTrendMoviesModel.swift */; };
		849FA1D729D57EAA0097223A /* LastViewMovesViewModel.swift in Sources */ = {isa = PBXBuildFile; fileRef = 849FA1D629D57EAA0097223A /* LastViewMovesViewModel.swift */; };
		849FA1D929D57EED0097223A /* LastViewMoviesModel.swift in Sources */ = {isa = PBXBuildFile; fileRef = 849FA1D829D57EED0097223A /* LastViewMoviesModel.swift */; };
		849FA1DB29D57F8F0097223A /* NewMoviesViewModel.swift in Sources */ = {isa = PBXBuildFile; fileRef = 849FA1DA29D57F8F0097223A /* NewMoviesViewModel.swift */; };
		849FA1DD29D57F9E0097223A /* NewMoviesModel.swift in Sources */ = {isa = PBXBuildFile; fileRef = 849FA1DC29D57F9E0097223A /* NewMoviesModel.swift */; };
		849FA1DF29D580330097223A /* ForMeMoviesModel.swift in Sources */ = {isa = PBXBuildFile; fileRef = 849FA1DE29D580330097223A /* ForMeMoviesModel.swift */; };
		849FA1E129D5804E0097223A /* ForMeMoviesViewModel.swift in Sources */ = {isa = PBXBuildFile; fileRef = 849FA1E029D5804E0097223A /* ForMeMoviesViewModel.swift */; };
		849FA1E329D5B50D0097223A /* GetRegisterErrorUseCase.swift in Sources */ = {isa = PBXBuildFile; fileRef = 849FA1E229D5B50D0097223A /* GetRegisterErrorUseCase.swift */; };
		84B6049329CD9BCB0047A603 /* AuthCoordinator.swift in Sources */ = {isa = PBXBuildFile; fileRef = 84B6049229CD9BCB0047A603 /* AuthCoordinator.swift */; };
		84B6049B29CDEEF00047A603 /* AuthRepositoryImplementation.swift in Sources */ = {isa = PBXBuildFile; fileRef = 84B6049A29CDEEF00047A603 /* AuthRepositoryImplementation.swift */; };
		84B604A329CDF1810047A603 /* CustomRequestInterceptor.swift in Sources */ = {isa = PBXBuildFile; fileRef = 84B604A229CDF1810047A603 /* CustomRequestInterceptor.swift */; };
		84B604A529CDF1DA0047A603 /* TokenManager.swift in Sources */ = {isa = PBXBuildFile; fileRef = 84B604A429CDF1DA0047A603 /* TokenManager.swift */; };
		84B604A829CDF40D0047A603 /* RefreshTokenModel.swift in Sources */ = {isa = PBXBuildFile; fileRef = 84B604A729CDF40D0047A603 /* RefreshTokenModel.swift */; };
		84B604AA29CDF5C20047A603 /* AuthTokenPairModel.swift in Sources */ = {isa = PBXBuildFile; fileRef = 84B604A929CDF5C20047A603 /* AuthTokenPairModel.swift */; };
		84B604AC29CDF8E40047A603 /* AppError.swift in Sources */ = {isa = PBXBuildFile; fileRef = 84B604AB29CDF8E40047A603 /* AppError.swift */; };
		84B604AF29CE0F680047A603 /* EmptyFieldValidation.swift in Sources */ = {isa = PBXBuildFile; fileRef = 84B604AE29CE0F680047A603 /* EmptyFieldValidation.swift */; };
		84B604B129CE0FFC0047A603 /* EmailValidation.swift in Sources */ = {isa = PBXBuildFile; fileRef = 84B604B029CE0FFC0047A603 /* EmailValidation.swift */; };
		84B604B329CE10BC0047A603 /* PasswordsEquality.swift in Sources */ = {isa = PBXBuildFile; fileRef = 84B604B229CE10BC0047A603 /* PasswordsEquality.swift */; };
		84BE5C2829CEF27D0051B6D0 /* ActivityIndicator.swift in Sources */ = {isa = PBXBuildFile; fileRef = 84BE5C2729CEF27D0051B6D0 /* ActivityIndicator.swift */; };
		84BE5C3129CF011D0051B6D0 /* MainScreenModel.swift in Sources */ = {isa = PBXBuildFile; fileRef = 84BE5C3029CF011D0051B6D0 /* MainScreenModel.swift */; };
		84BE5C3329CF012E0051B6D0 /* MainScreenViewModel.swift in Sources */ = {isa = PBXBuildFile; fileRef = 84BE5C3229CF012E0051B6D0 /* MainScreenViewModel.swift */; };
		84BE5C3529CF016E0051B6D0 /* MainScreenViewController.swift in Sources */ = {isa = PBXBuildFile; fileRef = 84BE5C3429CF016E0051B6D0 /* MainScreenViewController.swift */; };
		84BE5C3729CF02D20051B6D0 /* MainCoordinator.swift in Sources */ = {isa = PBXBuildFile; fileRef = 84BE5C3629CF02D20051B6D0 /* MainCoordinator.swift */; };
		84BE5C3929CF05CD0051B6D0 /* MainScreenView.swift in Sources */ = {isa = PBXBuildFile; fileRef = 84BE5C3829CF05CD0051B6D0 /* MainScreenView.swift */; };
		84D785F829CC5445004D518D /* Coordinator.swift in Sources */ = {isa = PBXBuildFile; fileRef = 84D785F729CC5445004D518D /* Coordinator.swift */; };
		84D785FA29CC54FB004D518D /* AppCoordinator.swift in Sources */ = {isa = PBXBuildFile; fileRef = 84D785F929CC54FB004D518D /* AppCoordinator.swift */; };
		84D7860029CC5C2D004D518D /* LoginViewController.swift in Sources */ = {isa = PBXBuildFile; fileRef = 84D785FF29CC5C2D004D518D /* LoginViewController.swift */; };
		84D7860529CC5D5D004D518D /* LoginScreenModel.swift in Sources */ = {isa = PBXBuildFile; fileRef = 84D7860429CC5D5D004D518D /* LoginScreenModel.swift */; };
		84D7860729CC5D8F004D518D /* LoginScreenViewModel.swift in Sources */ = {isa = PBXBuildFile; fileRef = 84D7860629CC5D8F004D518D /* LoginScreenViewModel.swift */; };
		84D7860A29CC6240004D518D /* LoginScreenView.swift in Sources */ = {isa = PBXBuildFile; fileRef = 84D7860929CC6240004D518D /* LoginScreenView.swift */; };
		84D7860C29CC7752004D518D /* Colors.swift in Sources */ = {isa = PBXBuildFile; fileRef = 84D7860B29CC7752004D518D /* Colors.swift */; };
		84D7860E29CC7A0C004D518D /* OutlinedTextField.swift in Sources */ = {isa = PBXBuildFile; fileRef = 84D7860D29CC7A0C004D518D /* OutlinedTextField.swift */; };
		84D7861029CC8534004D518D /* FilledButton.swift in Sources */ = {isa = PBXBuildFile; fileRef = 84D7860F29CC8534004D518D /* FilledButton.swift */; };
		84D7861229CC8767004D518D /* OutlinedButton.swift in Sources */ = {isa = PBXBuildFile; fileRef = 84D7861129CC8767004D518D /* OutlinedButton.swift */; };
		84D7861A29CCAE9F004D518D /* RegisterScreenModel.swift in Sources */ = {isa = PBXBuildFile; fileRef = 84D7861929CCAE9F004D518D /* RegisterScreenModel.swift */; };
		84D7861C29CCAF00004D518D /* RegisterScreenViewModel.swift in Sources */ = {isa = PBXBuildFile; fileRef = 84D7861B29CCAF00004D518D /* RegisterScreenViewModel.swift */; };
		84D7861E29CCAFA8004D518D /* RegisterViewController.swift in Sources */ = {isa = PBXBuildFile; fileRef = 84D7861D29CCAFA8004D518D /* RegisterViewController.swift */; };
		84D7862029CCB331004D518D /* RegisterScreenView.swift in Sources */ = {isa = PBXBuildFile; fileRef = 84D7861F29CCB331004D518D /* RegisterScreenView.swift */; };
		84E49CED29D29D0C00BCCA8B /* InTrendCollectionView.swift in Sources */ = {isa = PBXBuildFile; fileRef = 84E49CEC29D29D0C00BCCA8B /* InTrendCollectionView.swift */; };
		84E49CF129D2ABEB00BCCA8B /* InTrendMovieCell.swift in Sources */ = {isa = PBXBuildFile; fileRef = 84E49CF029D2ABEB00BCCA8B /* InTrendMovieCell.swift */; };
		84E49CF329D2C09D00BCCA8B /* MovieRepositoryImplementation.swift in Sources */ = {isa = PBXBuildFile; fileRef = 84E49CF229D2C09D00BCCA8B /* MovieRepositoryImplementation.swift */; };
		84E49CF629D2CE2600BCCA8B /* NewCollectionView.swift in Sources */ = {isa = PBXBuildFile; fileRef = 84E49CF529D2CE2600BCCA8B /* NewCollectionView.swift */; };
		84E49CF829D2CE3500BCCA8B /* NewCollectionViewCell.swift in Sources */ = {isa = PBXBuildFile; fileRef = 84E49CF729D2CE3500BCCA8B /* NewCollectionViewCell.swift */; };
		84E49CFA29D2D0B200BCCA8B /* ChatModel.swift in Sources */ = {isa = PBXBuildFile; fileRef = 84E49CF929D2D0B200BCCA8B /* ChatModel.swift */; };
		84E4C7E929CAD6F80004732C /* AppDelegate.swift in Sources */ = {isa = PBXBuildFile; fileRef = 84E4C7E829CAD6F80004732C /* AppDelegate.swift */; };
		84E4C7F229CAD6F90004732C /* Assets.xcassets in Resources */ = {isa = PBXBuildFile; fileRef = 84E4C7F129CAD6F90004732C /* Assets.xcassets */; };
		84E4C7F529CAD6F90004732C /* LaunchScreen.storyboard in Resources */ = {isa = PBXBuildFile; fileRef = 84E4C7F329CAD6F90004732C /* LaunchScreen.storyboard */; };
		84EB775A29D99472002F5137 /* CoverRepository.swift in Sources */ = {isa = PBXBuildFile; fileRef = 84EB775929D99472002F5137 /* CoverRepository.swift */; };
		84EB775D29D994CB002F5137 /* CoverModel.swift in Sources */ = {isa = PBXBuildFile; fileRef = 84EB775C29D994CB002F5137 /* CoverModel.swift */; };
		84EB775F29D99534002F5137 /* CoverRepositoryImplementation.swift in Sources */ = {isa = PBXBuildFile; fileRef = 84EB775E29D99534002F5137 /* CoverRepositoryImplementation.swift */; };
/* End PBXBuildFile section */

/* Begin PBXFileReference section */
		843C9B8529D6E91300E370EC /* ForMeCollectionView.swift */ = {isa = PBXFileReference; lastKnownFileType = sourcecode.swift; path = ForMeCollectionView.swift; sourceTree = "<group>"; };
		843C9B8729D6E94F00E370EC /* ForMeCollectionViewCell.swift */ = {isa = PBXFileReference; lastKnownFileType = sourcecode.swift; path = ForMeCollectionViewCell.swift; sourceTree = "<group>"; };
		843C9B8929D6F1BC00E370EC /* MainTabBarController.swift */ = {isa = PBXFileReference; lastKnownFileType = sourcecode.swift; path = MainTabBarController.swift; sourceTree = "<group>"; };
		843C9B8B29D6F96300E370EC /* MainTabBarCoordinator.swift */ = {isa = PBXFileReference; lastKnownFileType = sourcecode.swift; path = MainTabBarCoordinator.swift; sourceTree = "<group>"; };
		843C9B9329D717D600E370EC /* MovieScreenViewController.swift */ = {isa = PBXFileReference; lastKnownFileType = sourcecode.swift; path = MovieScreenViewController.swift; sourceTree = "<group>"; };
		843C9B9529D71A1300E370EC /* MovieScreenViewModel.swift */ = {isa = PBXFileReference; lastKnownFileType = sourcecode.swift; path = MovieScreenViewModel.swift; sourceTree = "<group>"; };
		843C9B9729D71AAE00E370EC /* MovieScreenView.swift */ = {isa = PBXFileReference; lastKnownFileType = sourcecode.swift; path = MovieScreenView.swift; sourceTree = "<group>"; };
		843C9B9929D72A6200E370EC /* GenresCollectionView.swift */ = {isa = PBXFileReference; lastKnownFileType = sourcecode.swift; path = GenresCollectionView.swift; sourceTree = "<group>"; };
		843C9B9B29D72C7E00E370EC /* GenresCollectionViewCell.swift */ = {isa = PBXFileReference; lastKnownFileType = sourcecode.swift; path = GenresCollectionViewCell.swift; sourceTree = "<group>"; };
		843C9B9E29D72F5300E370EC /* GetGenresListFromTagsUseCase.swift */ = {isa = PBXFileReference; lastKnownFileType = sourcecode.swift; path = GetGenresListFromTagsUseCase.swift; sourceTree = "<group>"; };
		843C9BA129D7454800E370EC /* GenresFlowLayout.swift */ = {isa = PBXFileReference; lastKnownFileType = sourcecode.swift; path = GenresFlowLayout.swift; sourceTree = "<group>"; };
		844A26BB29D80E5C00395B0C /* ShotsCollectionView.swift */ = {isa = PBXFileReference; lastKnownFileType = sourcecode.swift; path = ShotsCollectionView.swift; sourceTree = "<group>"; };
		844A26BD29D80F8D00395B0C /* ShotsCollectionViewCell.swift */ = {isa = PBXFileReference; lastKnownFileType = sourcecode.swift; path = ShotsCollectionViewCell.swift; sourceTree = "<group>"; };
		844A26C029D827EA00395B0C /* EpisodesTableView.swift */ = {isa = PBXFileReference; lastKnownFileType = sourcecode.swift; path = EpisodesTableView.swift; sourceTree = "<group>"; };
		844A26C229D828B300395B0C /* EpisodeModel.swift */ = {isa = PBXFileReference; lastKnownFileType = sourcecode.swift; path = EpisodeModel.swift; sourceTree = "<group>"; };
		844A26C429D82E1100395B0C /* EpisodesTableViewCell.swift */ = {isa = PBXFileReference; lastKnownFileType = sourcecode.swift; path = EpisodesTableViewCell.swift; sourceTree = "<group>"; };
		844A26C629D862D300395B0C /* MovieScreenModel.swift */ = {isa = PBXFileReference; lastKnownFileType = sourcecode.swift; path = MovieScreenModel.swift; sourceTree = "<group>"; };
		844A26C829D88B9400395B0C /* GetAgeLimitLabelUseCase.swift */ = {isa = PBXFileReference; lastKnownFileType = sourcecode.swift; path = GetAgeLimitLabelUseCase.swift; sourceTree = "<group>"; };
		846E48B029D201D2006B5F59 /* MovieModel.swift */ = {isa = PBXFileReference; lastKnownFileType = sourcecode.swift; path = MovieModel.swift; sourceTree = "<group>"; };
		846E48B229D202CC006B5F59 /* TagModel.swift */ = {isa = PBXFileReference; lastKnownFileType = sourcecode.swift; path = TagModel.swift; sourceTree = "<group>"; };
		849FA1CE29D57BC90097223A /* MovieRepository.swift */ = {isa = PBXFileReference; lastKnownFileType = sourcecode.swift; path = MovieRepository.swift; sourceTree = "<group>"; };
		849FA1D029D57C310097223A /* AuthRepository.swift */ = {isa = PBXFileReference; lastKnownFileType = sourcecode.swift; path = AuthRepository.swift; sourceTree = "<group>"; };
		849FA1D229D57D800097223A /* InTrendMoviesViewModel.swift */ = {isa = PBXFileReference; lastKnownFileType = sourcecode.swift; path = InTrendMoviesViewModel.swift; sourceTree = "<group>"; };
		849FA1D429D57DB10097223A /* InTrendMoviesModel.swift */ = {isa = PBXFileReference; lastKnownFileType = sourcecode.swift; path = InTrendMoviesModel.swift; sourceTree = "<group>"; };
		849FA1D629D57EAA0097223A /* LastViewMovesViewModel.swift */ = {isa = PBXFileReference; lastKnownFileType = sourcecode.swift; path = LastViewMovesViewModel.swift; sourceTree = "<group>"; };
		849FA1D829D57EED0097223A /* LastViewMoviesModel.swift */ = {isa = PBXFileReference; lastKnownFileType = sourcecode.swift; path = LastViewMoviesModel.swift; sourceTree = "<group>"; };
		849FA1DA29D57F8F0097223A /* NewMoviesViewModel.swift */ = {isa = PBXFileReference; lastKnownFileType = sourcecode.swift; path = NewMoviesViewModel.swift; sourceTree = "<group>"; };
		849FA1DC29D57F9E0097223A /* NewMoviesModel.swift */ = {isa = PBXFileReference; lastKnownFileType = sourcecode.swift; path = NewMoviesModel.swift; sourceTree = "<group>"; };
		849FA1DE29D580330097223A /* ForMeMoviesModel.swift */ = {isa = PBXFileReference; lastKnownFileType = sourcecode.swift; path = ForMeMoviesModel.swift; sourceTree = "<group>"; };
		849FA1E029D5804E0097223A /* ForMeMoviesViewModel.swift */ = {isa = PBXFileReference; lastKnownFileType = sourcecode.swift; path = ForMeMoviesViewModel.swift; sourceTree = "<group>"; };
		849FA1E229D5B50D0097223A /* GetRegisterErrorUseCase.swift */ = {isa = PBXFileReference; lastKnownFileType = sourcecode.swift; path = GetRegisterErrorUseCase.swift; sourceTree = "<group>"; };
		84B6049229CD9BCB0047A603 /* AuthCoordinator.swift */ = {isa = PBXFileReference; lastKnownFileType = sourcecode.swift; path = AuthCoordinator.swift; sourceTree = "<group>"; };
		84B6049A29CDEEF00047A603 /* AuthRepositoryImplementation.swift */ = {isa = PBXFileReference; lastKnownFileType = sourcecode.swift; path = AuthRepositoryImplementation.swift; sourceTree = "<group>"; };
		84B604A229CDF1810047A603 /* CustomRequestInterceptor.swift */ = {isa = PBXFileReference; lastKnownFileType = sourcecode.swift; path = CustomRequestInterceptor.swift; sourceTree = "<group>"; };
		84B604A429CDF1DA0047A603 /* TokenManager.swift */ = {isa = PBXFileReference; lastKnownFileType = sourcecode.swift; path = TokenManager.swift; sourceTree = "<group>"; };
		84B604A729CDF40D0047A603 /* RefreshTokenModel.swift */ = {isa = PBXFileReference; lastKnownFileType = sourcecode.swift; path = RefreshTokenModel.swift; sourceTree = "<group>"; };
		84B604A929CDF5C20047A603 /* AuthTokenPairModel.swift */ = {isa = PBXFileReference; lastKnownFileType = sourcecode.swift; path = AuthTokenPairModel.swift; sourceTree = "<group>"; };
		84B604AB29CDF8E40047A603 /* AppError.swift */ = {isa = PBXFileReference; lastKnownFileType = sourcecode.swift; path = AppError.swift; sourceTree = "<group>"; };
		84B604AE29CE0F680047A603 /* EmptyFieldValidation.swift */ = {isa = PBXFileReference; lastKnownFileType = sourcecode.swift; path = EmptyFieldValidation.swift; sourceTree = "<group>"; };
		84B604B029CE0FFC0047A603 /* EmailValidation.swift */ = {isa = PBXFileReference; lastKnownFileType = sourcecode.swift; path = EmailValidation.swift; sourceTree = "<group>"; };
		84B604B229CE10BC0047A603 /* PasswordsEquality.swift */ = {isa = PBXFileReference; lastKnownFileType = sourcecode.swift; path = PasswordsEquality.swift; sourceTree = "<group>"; };
		84BE5C2729CEF27D0051B6D0 /* ActivityIndicator.swift */ = {isa = PBXFileReference; lastKnownFileType = sourcecode.swift; path = ActivityIndicator.swift; sourceTree = "<group>"; };
		84BE5C3029CF011D0051B6D0 /* MainScreenModel.swift */ = {isa = PBXFileReference; lastKnownFileType = sourcecode.swift; path = MainScreenModel.swift; sourceTree = "<group>"; };
		84BE5C3229CF012E0051B6D0 /* MainScreenViewModel.swift */ = {isa = PBXFileReference; lastKnownFileType = sourcecode.swift; path = MainScreenViewModel.swift; sourceTree = "<group>"; };
		84BE5C3429CF016E0051B6D0 /* MainScreenViewController.swift */ = {isa = PBXFileReference; lastKnownFileType = sourcecode.swift; path = MainScreenViewController.swift; sourceTree = "<group>"; };
		84BE5C3629CF02D20051B6D0 /* MainCoordinator.swift */ = {isa = PBXFileReference; lastKnownFileType = sourcecode.swift; path = MainCoordinator.swift; sourceTree = "<group>"; };
		84BE5C3829CF05CD0051B6D0 /* MainScreenView.swift */ = {isa = PBXFileReference; lastKnownFileType = sourcecode.swift; path = MainScreenView.swift; sourceTree = "<group>"; };
		84D785F729CC5445004D518D /* Coordinator.swift */ = {isa = PBXFileReference; lastKnownFileType = sourcecode.swift; path = Coordinator.swift; sourceTree = "<group>"; };
		84D785F929CC54FB004D518D /* AppCoordinator.swift */ = {isa = PBXFileReference; lastKnownFileType = sourcecode.swift; path = AppCoordinator.swift; sourceTree = "<group>"; };
		84D785FF29CC5C2D004D518D /* LoginViewController.swift */ = {isa = PBXFileReference; lastKnownFileType = sourcecode.swift; path = LoginViewController.swift; sourceTree = "<group>"; };
		84D7860429CC5D5D004D518D /* LoginScreenModel.swift */ = {isa = PBXFileReference; lastKnownFileType = sourcecode.swift; path = LoginScreenModel.swift; sourceTree = "<group>"; };
		84D7860629CC5D8F004D518D /* LoginScreenViewModel.swift */ = {isa = PBXFileReference; lastKnownFileType = sourcecode.swift; path = LoginScreenViewModel.swift; sourceTree = "<group>"; };
		84D7860929CC6240004D518D /* LoginScreenView.swift */ = {isa = PBXFileReference; lastKnownFileType = sourcecode.swift; path = LoginScreenView.swift; sourceTree = "<group>"; };
		84D7860B29CC7752004D518D /* Colors.swift */ = {isa = PBXFileReference; lastKnownFileType = sourcecode.swift; path = Colors.swift; sourceTree = "<group>"; };
		84D7860D29CC7A0C004D518D /* OutlinedTextField.swift */ = {isa = PBXFileReference; lastKnownFileType = sourcecode.swift; path = OutlinedTextField.swift; sourceTree = "<group>"; };
		84D7860F29CC8534004D518D /* FilledButton.swift */ = {isa = PBXFileReference; lastKnownFileType = sourcecode.swift; path = FilledButton.swift; sourceTree = "<group>"; };
		84D7861129CC8767004D518D /* OutlinedButton.swift */ = {isa = PBXFileReference; lastKnownFileType = sourcecode.swift; path = OutlinedButton.swift; sourceTree = "<group>"; };
		84D7861929CCAE9F004D518D /* RegisterScreenModel.swift */ = {isa = PBXFileReference; lastKnownFileType = sourcecode.swift; path = RegisterScreenModel.swift; sourceTree = "<group>"; };
		84D7861B29CCAF00004D518D /* RegisterScreenViewModel.swift */ = {isa = PBXFileReference; lastKnownFileType = sourcecode.swift; path = RegisterScreenViewModel.swift; sourceTree = "<group>"; };
		84D7861D29CCAFA8004D518D /* RegisterViewController.swift */ = {isa = PBXFileReference; lastKnownFileType = sourcecode.swift; path = RegisterViewController.swift; sourceTree = "<group>"; };
		84D7861F29CCB331004D518D /* RegisterScreenView.swift */ = {isa = PBXFileReference; lastKnownFileType = sourcecode.swift; path = RegisterScreenView.swift; sourceTree = "<group>"; };
		84E49CEC29D29D0C00BCCA8B /* InTrendCollectionView.swift */ = {isa = PBXFileReference; lastKnownFileType = sourcecode.swift; path = InTrendCollectionView.swift; sourceTree = "<group>"; };
		84E49CF029D2ABEB00BCCA8B /* InTrendMovieCell.swift */ = {isa = PBXFileReference; lastKnownFileType = sourcecode.swift; path = InTrendMovieCell.swift; sourceTree = "<group>"; };
		84E49CF229D2C09D00BCCA8B /* MovieRepositoryImplementation.swift */ = {isa = PBXFileReference; lastKnownFileType = sourcecode.swift; path = MovieRepositoryImplementation.swift; sourceTree = "<group>"; };
		84E49CF529D2CE2600BCCA8B /* NewCollectionView.swift */ = {isa = PBXFileReference; lastKnownFileType = sourcecode.swift; path = NewCollectionView.swift; sourceTree = "<group>"; };
		84E49CF729D2CE3500BCCA8B /* NewCollectionViewCell.swift */ = {isa = PBXFileReference; lastKnownFileType = sourcecode.swift; path = NewCollectionViewCell.swift; sourceTree = "<group>"; };
		84E49CF929D2D0B200BCCA8B /* ChatModel.swift */ = {isa = PBXFileReference; lastKnownFileType = sourcecode.swift; path = ChatModel.swift; sourceTree = "<group>"; };
		84E4C7E529CAD6F80004732C /* Mobile-Cinema-Lab1.app */ = {isa = PBXFileReference; explicitFileType = wrapper.application; includeInIndex = 0; path = "Mobile-Cinema-Lab1.app"; sourceTree = BUILT_PRODUCTS_DIR; };
		84E4C7E829CAD6F80004732C /* AppDelegate.swift */ = {isa = PBXFileReference; lastKnownFileType = sourcecode.swift; path = AppDelegate.swift; sourceTree = "<group>"; };
		84E4C7F129CAD6F90004732C /* Assets.xcassets */ = {isa = PBXFileReference; lastKnownFileType = folder.assetcatalog; path = Assets.xcassets; sourceTree = "<group>"; };
		84E4C7F429CAD6F90004732C /* Base */ = {isa = PBXFileReference; lastKnownFileType = file.storyboard; name = Base; path = Base.lproj/LaunchScreen.storyboard; sourceTree = "<group>"; };
		84E4C7F629CAD6F90004732C /* Info.plist */ = {isa = PBXFileReference; lastKnownFileType = text.plist.xml; path = Info.plist; sourceTree = "<group>"; };
		84EB775929D99472002F5137 /* CoverRepository.swift */ = {isa = PBXFileReference; lastKnownFileType = sourcecode.swift; path = CoverRepository.swift; sourceTree = "<group>"; };
		84EB775C29D994CB002F5137 /* CoverModel.swift */ = {isa = PBXFileReference; lastKnownFileType = sourcecode.swift; path = CoverModel.swift; sourceTree = "<group>"; };
		84EB775E29D99534002F5137 /* CoverRepositoryImplementation.swift */ = {isa = PBXFileReference; lastKnownFileType = sourcecode.swift; path = CoverRepositoryImplementation.swift; sourceTree = "<group>"; };
/* End PBXFileReference section */

/* Begin PBXFrameworksBuildPhase section */
		84E4C7E229CAD6F80004732C /* Frameworks */ = {
			isa = PBXFrameworksBuildPhase;
			buildActionMask = 2147483647;
			files = (
				844A26B829D7F9C700395B0C /* Alamofire in Frameworks */,
				844A26B529D7F9B700395B0C /* SwiftKeychainWrapper in Frameworks */,
				844A26B229D7F9A200395B0C /* SnapKit in Frameworks */,
			);
			runOnlyForDeploymentPostprocessing = 0;
		};
/* End PBXFrameworksBuildPhase section */

/* Begin PBXGroup section */
		843C9B8429D6E8F800E370EC /* ForMeCollectionView */ = {
			isa = PBXGroup;
			children = (
				843C9B8529D6E91300E370EC /* ForMeCollectionView.swift */,
				843C9B8729D6E94F00E370EC /* ForMeCollectionViewCell.swift */,
			);
			path = ForMeCollectionView;
			sourceTree = "<group>";
		};
		843C9B8D29D7170700E370EC /* MovieScreen */ = {
			isa = PBXGroup;
			children = (
				843C9B9129D717A600E370EC /* Model */,
				843C9B9029D717A200E370EC /* View */,
				843C9B8F29D7179C00E370EC /* ViewModel */,
				843C9B8E29D7178D00E370EC /* ViewController */,
			);
			path = MovieScreen;
			sourceTree = "<group>";
		};
		843C9B8E29D7178D00E370EC /* ViewController */ = {
			isa = PBXGroup;
			children = (
				843C9B9329D717D600E370EC /* MovieScreenViewController.swift */,
			);
			path = ViewController;
			sourceTree = "<group>";
		};
		843C9B8F29D7179C00E370EC /* ViewModel */ = {
			isa = PBXGroup;
			children = (
				843C9B9529D71A1300E370EC /* MovieScreenViewModel.swift */,
			);
			path = ViewModel;
			sourceTree = "<group>";
		};
		843C9B9029D717A200E370EC /* View */ = {
			isa = PBXGroup;
			children = (
				843C9B9229D717BC00E370EC /* CollectionView */,
				843C9B9729D71AAE00E370EC /* MovieScreenView.swift */,
			);
			path = View;
			sourceTree = "<group>";
		};
		843C9B9129D717A600E370EC /* Model */ = {
			isa = PBXGroup;
			children = (
				843C9B9D29D72F3B00E370EC /* UseCase */,
				844A26C629D862D300395B0C /* MovieScreenModel.swift */,
			);
			path = Model;
			sourceTree = "<group>";
		};
		843C9B9229D717BC00E370EC /* CollectionView */ = {
			isa = PBXGroup;
			children = (
				844A26BF29D827BD00395B0C /* EpisodesTableView */,
				844A26BA29D80E3E00395B0C /* ShotsCollectionView */,
				844A26B929D80E3500395B0C /* GenresCollectionView */,
			);
			path = CollectionView;
			sourceTree = "<group>";
		};
		843C9B9D29D72F3B00E370EC /* UseCase */ = {
			isa = PBXGroup;
			children = (
				843C9B9E29D72F5300E370EC /* GetGenresListFromTagsUseCase.swift */,
				844A26C829D88B9400395B0C /* GetAgeLimitLabelUseCase.swift */,
			);
			path = UseCase;
			sourceTree = "<group>";
		};
		844A26B929D80E3500395B0C /* GenresCollectionView */ = {
			isa = PBXGroup;
			children = (
				843C9B9929D72A6200E370EC /* GenresCollectionView.swift */,
				843C9B9B29D72C7E00E370EC /* GenresCollectionViewCell.swift */,
				843C9BA129D7454800E370EC /* GenresFlowLayout.swift */,
			);
			path = GenresCollectionView;
			sourceTree = "<group>";
		};
		844A26BA29D80E3E00395B0C /* ShotsCollectionView */ = {
			isa = PBXGroup;
			children = (
				844A26BB29D80E5C00395B0C /* ShotsCollectionView.swift */,
				844A26BD29D80F8D00395B0C /* ShotsCollectionViewCell.swift */,
			);
			path = ShotsCollectionView;
			sourceTree = "<group>";
		};
		844A26BF29D827BD00395B0C /* EpisodesTableView */ = {
			isa = PBXGroup;
			children = (
				844A26C029D827EA00395B0C /* EpisodesTableView.swift */,
				844A26C429D82E1100395B0C /* EpisodesTableViewCell.swift */,
			);
			path = EpisodesTableView;
			sourceTree = "<group>";
		};
		84550A6629D3FDAB00DCAA57 /* CollectionView */ = {
			isa = PBXGroup;
			children = (
				843C9B8429D6E8F800E370EC /* ForMeCollectionView */,
				846E48AB29D1FF13006B5F59 /* InTrendCollectionView */,
				84E49CF429D2CE0A00BCCA8B /* NewCollectionView */,
			);
			path = CollectionView;
			sourceTree = "<group>";
		};
		846E48AB29D1FF13006B5F59 /* InTrendCollectionView */ = {
			isa = PBXGroup;
			children = (
				84E49CEC29D29D0C00BCCA8B /* InTrendCollectionView.swift */,
				84E49CF029D2ABEB00BCCA8B /* InTrendMovieCell.swift */,
			);
			path = InTrendCollectionView;
			sourceTree = "<group>";
		};
		846E48AE29D201AD006B5F59 /* Movie */ = {
			isa = PBXGroup;
			children = (
				846E48AF29D201C7006B5F59 /* Model */,
				84E49CF229D2C09D00BCCA8B /* MovieRepositoryImplementation.swift */,
				849FA1CE29D57BC90097223A /* MovieRepository.swift */,
			);
			path = Movie;
			sourceTree = "<group>";
		};
		846E48AF29D201C7006B5F59 /* Model */ = {
			isa = PBXGroup;
			children = (
				846E48B029D201D2006B5F59 /* MovieModel.swift */,
				846E48B229D202CC006B5F59 /* TagModel.swift */,
				84E49CF929D2D0B200BCCA8B /* ChatModel.swift */,
				844A26C229D828B300395B0C /* EpisodeModel.swift */,
			);
			path = Model;
			sourceTree = "<group>";
		};
		84B6049429CD9DC40047A603 /* Coordinator */ = {
			isa = PBXGroup;
			children = (
				84D785F929CC54FB004D518D /* AppCoordinator.swift */,
				84B6049229CD9BCB0047A603 /* AuthCoordinator.swift */,
				84BE5C3629CF02D20051B6D0 /* MainCoordinator.swift */,
				843C9B8B29D6F96300E370EC /* MainTabBarCoordinator.swift */,
			);
			path = Coordinator;
			sourceTree = "<group>";
		};
		84B6049829CDEEC10047A603 /* Network */ = {
			isa = PBXGroup;
			children = (
				84EB775829D9945C002F5137 /* Cover */,
				846E48AE29D201AD006B5F59 /* Movie */,
				84B6049929CDEEC80047A603 /* Auth */,
				84B604A229CDF1810047A603 /* CustomRequestInterceptor.swift */,
				84B604A429CDF1DA0047A603 /* TokenManager.swift */,
				84B604AB29CDF8E40047A603 /* AppError.swift */,
			);
			path = Network;
			sourceTree = "<group>";
		};
		84B6049929CDEEC80047A603 /* Auth */ = {
			isa = PBXGroup;
			children = (
				84B604A629CDF3FF0047A603 /* Model */,
				84B6049A29CDEEF00047A603 /* AuthRepositoryImplementation.swift */,
				849FA1D029D57C310097223A /* AuthRepository.swift */,
			);
			path = Auth;
			sourceTree = "<group>";
		};
		84B604A629CDF3FF0047A603 /* Model */ = {
			isa = PBXGroup;
			children = (
				84B604A729CDF40D0047A603 /* RefreshTokenModel.swift */,
				84B604A929CDF5C20047A603 /* AuthTokenPairModel.swift */,
			);
			path = Model;
			sourceTree = "<group>";
		};
		84B604AD29CE0F340047A603 /* UseCase */ = {
			isa = PBXGroup;
			children = (
				84B604AE29CE0F680047A603 /* EmptyFieldValidation.swift */,
				84B604B029CE0FFC0047A603 /* EmailValidation.swift */,
				84B604B229CE10BC0047A603 /* PasswordsEquality.swift */,
				849FA1E229D5B50D0097223A /* GetRegisterErrorUseCase.swift */,
			);
			path = UseCase;
			sourceTree = "<group>";
		};
		84BE5C2B29CF00F80051B6D0 /* MainScreen */ = {
			isa = PBXGroup;
			children = (
				84BE5C2F29CF010A0051B6D0 /* ViewController */,
				84BE5C2E29CF01060051B6D0 /* ViewModel */,
				84BE5C2D29CF01020051B6D0 /* Model */,
				84BE5C2C29CF00FE0051B6D0 /* View */,
			);
			path = MainScreen;
			sourceTree = "<group>";
		};
		84BE5C2C29CF00FE0051B6D0 /* View */ = {
			isa = PBXGroup;
			children = (
				84550A6629D3FDAB00DCAA57 /* CollectionView */,
				84BE5C3829CF05CD0051B6D0 /* MainScreenView.swift */,
			);
			path = View;
			sourceTree = "<group>";
		};
		84BE5C2D29CF01020051B6D0 /* Model */ = {
			isa = PBXGroup;
			children = (
				84BE5C3029CF011D0051B6D0 /* MainScreenModel.swift */,
				849FA1D429D57DB10097223A /* InTrendMoviesModel.swift */,
				849FA1D829D57EED0097223A /* LastViewMoviesModel.swift */,
				849FA1DC29D57F9E0097223A /* NewMoviesModel.swift */,
				849FA1DE29D580330097223A /* ForMeMoviesModel.swift */,
			);
			path = Model;
			sourceTree = "<group>";
		};
		84BE5C2E29CF01060051B6D0 /* ViewModel */ = {
			isa = PBXGroup;
			children = (
				84BE5C3229CF012E0051B6D0 /* MainScreenViewModel.swift */,
				849FA1D229D57D800097223A /* InTrendMoviesViewModel.swift */,
				849FA1D629D57EAA0097223A /* LastViewMovesViewModel.swift */,
				849FA1DA29D57F8F0097223A /* NewMoviesViewModel.swift */,
				849FA1E029D5804E0097223A /* ForMeMoviesViewModel.swift */,
			);
			path = ViewModel;
			sourceTree = "<group>";
		};
		84BE5C2F29CF010A0051B6D0 /* ViewController */ = {
			isa = PBXGroup;
			children = (
				84BE5C3429CF016E0051B6D0 /* MainScreenViewController.swift */,
				843C9B8929D6F1BC00E370EC /* MainTabBarController.swift */,
			);
			path = ViewController;
			sourceTree = "<group>";
		};
		84D785F629CC5432004D518D /* Protocols */ = {
			isa = PBXGroup;
			children = (
				84D785F729CC5445004D518D /* Coordinator.swift */,
			);
			path = Protocols;
			sourceTree = "<group>";
		};
		84D785FE29CC5C0B004D518D /* LoginScreen */ = {
			isa = PBXGroup;
			children = (
				84D7860829CC6227004D518D /* View */,
				84D7860329CC5D50004D518D /* Model */,
				84D7860229CC5D4B004D518D /* ViewModel */,
				84D7860129CC5D40004D518D /* ViewController */,
			);
			path = LoginScreen;
			sourceTree = "<group>";
		};
		84D7860129CC5D40004D518D /* ViewController */ = {
			isa = PBXGroup;
			children = (
				84D785FF29CC5C2D004D518D /* LoginViewController.swift */,
			);
			path = ViewController;
			sourceTree = "<group>";
		};
		84D7860229CC5D4B004D518D /* ViewModel */ = {
			isa = PBXGroup;
			children = (
				84D7860629CC5D8F004D518D /* LoginScreenViewModel.swift */,
			);
			path = ViewModel;
			sourceTree = "<group>";
		};
		84D7860329CC5D50004D518D /* Model */ = {
			isa = PBXGroup;
			children = (
				84D7860429CC5D5D004D518D /* LoginScreenModel.swift */,
			);
			path = Model;
			sourceTree = "<group>";
		};
		84D7860829CC6227004D518D /* View */ = {
			isa = PBXGroup;
			children = (
				84D7860929CC6240004D518D /* LoginScreenView.swift */,
				84D7860D29CC7A0C004D518D /* OutlinedTextField.swift */,
				84D7860F29CC8534004D518D /* FilledButton.swift */,
				84D7861129CC8767004D518D /* OutlinedButton.swift */,
			);
			path = View;
			sourceTree = "<group>";
		};
		84D7861429CCADE3004D518D /* RegisterScreen */ = {
			isa = PBXGroup;
			children = (
				84D7861829CCAE7D004D518D /* ViewController */,
				84D7861729CCAE75004D518D /* ViewModel */,
				84D7861629CCAE6F004D518D /* Model */,
				84D7861529CCAE62004D518D /* View */,
			);
			path = RegisterScreen;
			sourceTree = "<group>";
		};
		84D7861529CCAE62004D518D /* View */ = {
			isa = PBXGroup;
			children = (
				84D7861F29CCB331004D518D /* RegisterScreenView.swift */,
			);
			path = View;
			sourceTree = "<group>";
		};
		84D7861629CCAE6F004D518D /* Model */ = {
			isa = PBXGroup;
			children = (
				84B604AD29CE0F340047A603 /* UseCase */,
				84D7861929CCAE9F004D518D /* RegisterScreenModel.swift */,
			);
			path = Model;
			sourceTree = "<group>";
		};
		84D7861729CCAE75004D518D /* ViewModel */ = {
			isa = PBXGroup;
			children = (
				84D7861B29CCAF00004D518D /* RegisterScreenViewModel.swift */,
			);
			path = ViewModel;
			sourceTree = "<group>";
		};
		84D7861829CCAE7D004D518D /* ViewController */ = {
			isa = PBXGroup;
			children = (
				84D7861D29CCAFA8004D518D /* RegisterViewController.swift */,
			);
			path = ViewController;
			sourceTree = "<group>";
		};
		84E49CF429D2CE0A00BCCA8B /* NewCollectionView */ = {
			isa = PBXGroup;
			children = (
				84E49CF529D2CE2600BCCA8B /* NewCollectionView.swift */,
				84E49CF729D2CE3500BCCA8B /* NewCollectionViewCell.swift */,
			);
			path = NewCollectionView;
			sourceTree = "<group>";
		};
		84E4C7DC29CAD6F80004732C = {
			isa = PBXGroup;
			children = (
				84E4C7E729CAD6F80004732C /* Mobile-Cinema-Lab1 */,
				84E4C7E629CAD6F80004732C /* Products */,
			);
			sourceTree = "<group>";
		};
		84E4C7E629CAD6F80004732C /* Products */ = {
			isa = PBXGroup;
			children = (
				84E4C7E529CAD6F80004732C /* Mobile-Cinema-Lab1.app */,
			);
			name = Products;
			sourceTree = "<group>";
		};
		84E4C7E729CAD6F80004732C /* Mobile-Cinema-Lab1 */ = {
			isa = PBXGroup;
			children = (
				843C9B8D29D7170700E370EC /* MovieScreen */,
				84BE5C2B29CF00F80051B6D0 /* MainScreen */,
				84B6049829CDEEC10047A603 /* Network */,
				84B6049429CD9DC40047A603 /* Coordinator */,
				84D7861429CCADE3004D518D /* RegisterScreen */,
				84D785FE29CC5C0B004D518D /* LoginScreen */,
				84D785F629CC5432004D518D /* Protocols */,
				84E4C7E829CAD6F80004732C /* AppDelegate.swift */,
				84E4C7F129CAD6F90004732C /* Assets.xcassets */,
				84E4C7F329CAD6F90004732C /* LaunchScreen.storyboard */,
				84E4C7F629CAD6F90004732C /* Info.plist */,
				84D7860B29CC7752004D518D /* Colors.swift */,
				84BE5C2729CEF27D0051B6D0 /* ActivityIndicator.swift */,
			);
			path = "Mobile-Cinema-Lab1";
			sourceTree = "<group>";
		};
		84EB775829D9945C002F5137 /* Cover */ = {
			isa = PBXGroup;
			children = (
				84EB775B29D994C3002F5137 /* Model */,
				84EB775929D99472002F5137 /* CoverRepository.swift */,
				84EB775E29D99534002F5137 /* CoverRepositoryImplementation.swift */,
			);
			path = Cover;
			sourceTree = "<group>";
		};
		84EB775B29D994C3002F5137 /* Model */ = {
			isa = PBXGroup;
			children = (
				84EB775C29D994CB002F5137 /* CoverModel.swift */,
			);
			path = Model;
			sourceTree = "<group>";
		};
/* End PBXGroup section */

/* Begin PBXNativeTarget section */
		84E4C7E429CAD6F80004732C /* Mobile-Cinema-Lab1 */ = {
			isa = PBXNativeTarget;
			buildConfigurationList = 84E4C7F929CAD6F90004732C /* Build configuration list for PBXNativeTarget "Mobile-Cinema-Lab1" */;
			buildPhases = (
				84E4C7E129CAD6F80004732C /* Sources */,
				84E4C7E229CAD6F80004732C /* Frameworks */,
				84E4C7E329CAD6F80004732C /* Resources */,
			);
			buildRules = (
			);
			dependencies = (
			);
			name = "Mobile-Cinema-Lab1";
			packageProductDependencies = (
				844A26B129D7F9A200395B0C /* SnapKit */,
				844A26B429D7F9B700395B0C /* SwiftKeychainWrapper */,
				844A26B729D7F9C700395B0C /* Alamofire */,
			);
			productName = "Mobile-Cinema-Lab1";
			productReference = 84E4C7E529CAD6F80004732C /* Mobile-Cinema-Lab1.app */;
			productType = "com.apple.product-type.application";
		};
/* End PBXNativeTarget section */

/* Begin PBXProject section */
		84E4C7DD29CAD6F80004732C /* Project object */ = {
			isa = PBXProject;
			attributes = {
				BuildIndependentTargetsInParallel = 1;
				LastSwiftUpdateCheck = 1420;
				LastUpgradeCheck = 1420;
				TargetAttributes = {
					84E4C7E429CAD6F80004732C = {
						CreatedOnToolsVersion = 14.2;
					};
				};
			};
			buildConfigurationList = 84E4C7E029CAD6F80004732C /* Build configuration list for PBXProject "Mobile-Cinema-Lab1" */;
			compatibilityVersion = "Xcode 14.0";
			developmentRegion = en;
			hasScannedForEncodings = 0;
			knownRegions = (
				en,
				Base,
			);
			mainGroup = 84E4C7DC29CAD6F80004732C;
			packageReferences = (
				844A26B029D7F9A200395B0C /* XCRemoteSwiftPackageReference "SnapKit" */,
				844A26B329D7F9B700395B0C /* XCRemoteSwiftPackageReference "SwiftKeychainWrapper" */,
				844A26B629D7F9C700395B0C /* XCRemoteSwiftPackageReference "Alamofire" */,
			);
			productRefGroup = 84E4C7E629CAD6F80004732C /* Products */;
			projectDirPath = "";
			projectRoot = "";
			targets = (
				84E4C7E429CAD6F80004732C /* Mobile-Cinema-Lab1 */,
			);
		};
/* End PBXProject section */

/* Begin PBXResourcesBuildPhase section */
		84E4C7E329CAD6F80004732C /* Resources */ = {
			isa = PBXResourcesBuildPhase;
			buildActionMask = 2147483647;
			files = (
				84E4C7F529CAD6F90004732C /* LaunchScreen.storyboard in Resources */,
				84E4C7F229CAD6F90004732C /* Assets.xcassets in Resources */,
			);
			runOnlyForDeploymentPostprocessing = 0;
		};
/* End PBXResourcesBuildPhase section */

/* Begin PBXSourcesBuildPhase section */
		84E4C7E129CAD6F80004732C /* Sources */ = {
			isa = PBXSourcesBuildPhase;
			buildActionMask = 2147483647;
			files = (
				84D7860E29CC7A0C004D518D /* OutlinedTextField.swift in Sources */,
				844A26C929D88B9400395B0C /* GetAgeLimitLabelUseCase.swift in Sources */,
				84BE5C3329CF012E0051B6D0 /* MainScreenViewModel.swift in Sources */,
				84B604AA29CDF5C20047A603 /* AuthTokenPairModel.swift in Sources */,
				843C9B8C29D6F96300E370EC /* MainTabBarCoordinator.swift in Sources */,
				84D7861C29CCAF00004D518D /* RegisterScreenViewModel.swift in Sources */,
				84B604B129CE0FFC0047A603 /* EmailValidation.swift in Sources */,
				84BE5C2829CEF27D0051B6D0 /* ActivityIndicator.swift in Sources */,
				846E48B129D201D2006B5F59 /* MovieModel.swift in Sources */,
				84E49CF329D2C09D00BCCA8B /* MovieRepositoryImplementation.swift in Sources */,
				849FA1CF29D57BC90097223A /* MovieRepository.swift in Sources */,
				84D7861029CC8534004D518D /* FilledButton.swift in Sources */,
				849FA1D129D57C310097223A /* AuthRepository.swift in Sources */,
				84D7861A29CCAE9F004D518D /* RegisterScreenModel.swift in Sources */,
				844A26C529D82E1100395B0C /* EpisodesTableViewCell.swift in Sources */,
				849FA1DB29D57F8F0097223A /* NewMoviesViewModel.swift in Sources */,
				84BE5C3929CF05CD0051B6D0 /* MainScreenView.swift in Sources */,
				849FA1DF29D580330097223A /* ForMeMoviesModel.swift in Sources */,
				84E49CFA29D2D0B200BCCA8B /* ChatModel.swift in Sources */,
				849FA1D929D57EED0097223A /* LastViewMoviesModel.swift in Sources */,
				84B604B329CE10BC0047A603 /* PasswordsEquality.swift in Sources */,
				84D785F829CC5445004D518D /* Coordinator.swift in Sources */,
				84D7860C29CC7752004D518D /* Colors.swift in Sources */,
				843C9B9C29D72C7E00E370EC /* GenresCollectionViewCell.swift in Sources */,
				84B604A329CDF1810047A603 /* CustomRequestInterceptor.swift in Sources */,
				84E49CF129D2ABEB00BCCA8B /* InTrendMovieCell.swift in Sources */,
				84B604AC29CDF8E40047A603 /* AppError.swift in Sources */,
				84EB775D29D994CB002F5137 /* CoverModel.swift in Sources */,
				849FA1E129D5804E0097223A /* ForMeMoviesViewModel.swift in Sources */,
				84BE5C3729CF02D20051B6D0 /* MainCoordinator.swift in Sources */,
				84B604A529CDF1DA0047A603 /* TokenManager.swift in Sources */,
				84D7861229CC8767004D518D /* OutlinedButton.swift in Sources */,
				84B6049B29CDEEF00047A603 /* AuthRepositoryImplementation.swift in Sources */,
				84D7860529CC5D5D004D518D /* LoginScreenModel.swift in Sources */,
				843C9B9829D71AAE00E370EC /* MovieScreenView.swift in Sources */,
				84D785FA29CC54FB004D518D /* AppCoordinator.swift in Sources */,
				84EB775F29D99534002F5137 /* CoverRepositoryImplementation.swift in Sources */,
				846E48B329D202CC006B5F59 /* TagModel.swift in Sources */,
				849FA1DD29D57F9E0097223A /* NewMoviesModel.swift in Sources */,
				843C9B9629D71A1300E370EC /* MovieScreenViewModel.swift in Sources */,
				844A26BE29D80F8D00395B0C /* ShotsCollectionViewCell.swift in Sources */,
				843C9B8829D6E94F00E370EC /* ForMeCollectionViewCell.swift in Sources */,
				84E49CED29D29D0C00BCCA8B /* InTrendCollectionView.swift in Sources */,
				84E49CF629D2CE2600BCCA8B /* NewCollectionView.swift in Sources */,
				84D7861E29CCAFA8004D518D /* RegisterViewController.swift in Sources */,
				84D7860A29CC6240004D518D /* LoginScreenView.swift in Sources */,
				843C9B9A29D72A6200E370EC /* GenresCollectionView.swift in Sources */,
				84D7860729CC5D8F004D518D /* LoginScreenViewModel.swift in Sources */,
				844A26C329D828B300395B0C /* EpisodeModel.swift in Sources */,
				849FA1D729D57EAA0097223A /* LastViewMovesViewModel.swift in Sources */,
				84BE5C3529CF016E0051B6D0 /* MainScreenViewController.swift in Sources */,
				843C9B8629D6E91300E370EC /* ForMeCollectionView.swift in Sources */,
				84B604A829CDF40D0047A603 /* RefreshTokenModel.swift in Sources */,
				849FA1D529D57DB10097223A /* InTrendMoviesModel.swift in Sources */,
				844A26C129D827EA00395B0C /* EpisodesTableView.swift in Sources */,
				843C9BA229D7454800E370EC /* GenresFlowLayout.swift in Sources */,
				84D7860029CC5C2D004D518D /* LoginViewController.swift in Sources */,
				843C9B9F29D72F5300E370EC /* GetGenresListFromTagsUseCase.swift in Sources */,
				84E4C7E929CAD6F80004732C /* AppDelegate.swift in Sources */,
				844A26C729D862D300395B0C /* MovieScreenModel.swift in Sources */,
				849FA1D329D57D800097223A /* InTrendMoviesViewModel.swift in Sources */,
				84B6049329CD9BCB0047A603 /* AuthCoordinator.swift in Sources */,
				84D7862029CCB331004D518D /* RegisterScreenView.swift in Sources */,
				849FA1E329D5B50D0097223A /* GetRegisterErrorUseCase.swift in Sources */,
				84B604AF29CE0F680047A603 /* EmptyFieldValidation.swift in Sources */,
				84BE5C3129CF011D0051B6D0 /* MainScreenModel.swift in Sources */,
				843C9B9429D717D600E370EC /* MovieScreenViewController.swift in Sources */,
				84E49CF829D2CE3500BCCA8B /* NewCollectionViewCell.swift in Sources */,
				84EB775A29D99472002F5137 /* CoverRepository.swift in Sources */,
				844A26BC29D80E5C00395B0C /* ShotsCollectionView.swift in Sources */,
				843C9B8A29D6F1BC00E370EC /* MainTabBarController.swift in Sources */,
			);
			runOnlyForDeploymentPostprocessing = 0;
		};
/* End PBXSourcesBuildPhase section */

/* Begin PBXVariantGroup section */
		84E4C7F329CAD6F90004732C /* LaunchScreen.storyboard */ = {
			isa = PBXVariantGroup;
			children = (
				84E4C7F429CAD6F90004732C /* Base */,
			);
			name = LaunchScreen.storyboard;
			sourceTree = "<group>";
		};
/* End PBXVariantGroup section */

/* Begin XCBuildConfiguration section */
		84E4C7F729CAD6F90004732C /* Debug */ = {
			isa = XCBuildConfiguration;
			buildSettings = {
				ALWAYS_SEARCH_USER_PATHS = NO;
				CLANG_ANALYZER_NONNULL = YES;
				CLANG_ANALYZER_NUMBER_OBJECT_CONVERSION = YES_AGGRESSIVE;
				CLANG_CXX_LANGUAGE_STANDARD = "gnu++20";
				CLANG_ENABLE_MODULES = YES;
				CLANG_ENABLE_OBJC_ARC = YES;
				CLANG_ENABLE_OBJC_WEAK = YES;
				CLANG_WARN_BLOCK_CAPTURE_AUTORELEASING = YES;
				CLANG_WARN_BOOL_CONVERSION = YES;
				CLANG_WARN_COMMA = YES;
				CLANG_WARN_CONSTANT_CONVERSION = YES;
				CLANG_WARN_DEPRECATED_OBJC_IMPLEMENTATIONS = YES;
				CLANG_WARN_DIRECT_OBJC_ISA_USAGE = YES_ERROR;
				CLANG_WARN_DOCUMENTATION_COMMENTS = YES;
				CLANG_WARN_EMPTY_BODY = YES;
				CLANG_WARN_ENUM_CONVERSION = YES;
				CLANG_WARN_INFINITE_RECURSION = YES;
				CLANG_WARN_INT_CONVERSION = YES;
				CLANG_WARN_NON_LITERAL_NULL_CONVERSION = YES;
				CLANG_WARN_OBJC_IMPLICIT_RETAIN_SELF = YES;
				CLANG_WARN_OBJC_LITERAL_CONVERSION = YES;
				CLANG_WARN_OBJC_ROOT_CLASS = YES_ERROR;
				CLANG_WARN_QUOTED_INCLUDE_IN_FRAMEWORK_HEADER = YES;
				CLANG_WARN_RANGE_LOOP_ANALYSIS = YES;
				CLANG_WARN_STRICT_PROTOTYPES = YES;
				CLANG_WARN_SUSPICIOUS_MOVE = YES;
				CLANG_WARN_UNGUARDED_AVAILABILITY = YES_AGGRESSIVE;
				CLANG_WARN_UNREACHABLE_CODE = YES;
				CLANG_WARN__DUPLICATE_METHOD_MATCH = YES;
				COPY_PHASE_STRIP = NO;
				DEBUG_INFORMATION_FORMAT = dwarf;
				ENABLE_STRICT_OBJC_MSGSEND = YES;
				ENABLE_TESTABILITY = YES;
				GCC_C_LANGUAGE_STANDARD = gnu11;
				GCC_DYNAMIC_NO_PIC = NO;
				GCC_NO_COMMON_BLOCKS = YES;
				GCC_OPTIMIZATION_LEVEL = 0;
				GCC_PREPROCESSOR_DEFINITIONS = (
					"DEBUG=1",
					"$(inherited)",
				);
				GCC_WARN_64_TO_32_BIT_CONVERSION = YES;
				GCC_WARN_ABOUT_RETURN_TYPE = YES_ERROR;
				GCC_WARN_UNDECLARED_SELECTOR = YES;
				GCC_WARN_UNINITIALIZED_AUTOS = YES_AGGRESSIVE;
				GCC_WARN_UNUSED_FUNCTION = YES;
				GCC_WARN_UNUSED_VARIABLE = YES;
				IPHONEOS_DEPLOYMENT_TARGET = 13.0;
				MTL_ENABLE_DEBUG_INFO = INCLUDE_SOURCE;
				MTL_FAST_MATH = YES;
				ONLY_ACTIVE_ARCH = YES;
				SDKROOT = iphoneos;
				SWIFT_ACTIVE_COMPILATION_CONDITIONS = DEBUG;
				SWIFT_OPTIMIZATION_LEVEL = "-Onone";
			};
			name = Debug;
		};
		84E4C7F829CAD6F90004732C /* Release */ = {
			isa = XCBuildConfiguration;
			buildSettings = {
				ALWAYS_SEARCH_USER_PATHS = NO;
				CLANG_ANALYZER_NONNULL = YES;
				CLANG_ANALYZER_NUMBER_OBJECT_CONVERSION = YES_AGGRESSIVE;
				CLANG_CXX_LANGUAGE_STANDARD = "gnu++20";
				CLANG_ENABLE_MODULES = YES;
				CLANG_ENABLE_OBJC_ARC = YES;
				CLANG_ENABLE_OBJC_WEAK = YES;
				CLANG_WARN_BLOCK_CAPTURE_AUTORELEASING = YES;
				CLANG_WARN_BOOL_CONVERSION = YES;
				CLANG_WARN_COMMA = YES;
				CLANG_WARN_CONSTANT_CONVERSION = YES;
				CLANG_WARN_DEPRECATED_OBJC_IMPLEMENTATIONS = YES;
				CLANG_WARN_DIRECT_OBJC_ISA_USAGE = YES_ERROR;
				CLANG_WARN_DOCUMENTATION_COMMENTS = YES;
				CLANG_WARN_EMPTY_BODY = YES;
				CLANG_WARN_ENUM_CONVERSION = YES;
				CLANG_WARN_INFINITE_RECURSION = YES;
				CLANG_WARN_INT_CONVERSION = YES;
				CLANG_WARN_NON_LITERAL_NULL_CONVERSION = YES;
				CLANG_WARN_OBJC_IMPLICIT_RETAIN_SELF = YES;
				CLANG_WARN_OBJC_LITERAL_CONVERSION = YES;
				CLANG_WARN_OBJC_ROOT_CLASS = YES_ERROR;
				CLANG_WARN_QUOTED_INCLUDE_IN_FRAMEWORK_HEADER = YES;
				CLANG_WARN_RANGE_LOOP_ANALYSIS = YES;
				CLANG_WARN_STRICT_PROTOTYPES = YES;
				CLANG_WARN_SUSPICIOUS_MOVE = YES;
				CLANG_WARN_UNGUARDED_AVAILABILITY = YES_AGGRESSIVE;
				CLANG_WARN_UNREACHABLE_CODE = YES;
				CLANG_WARN__DUPLICATE_METHOD_MATCH = YES;
				COPY_PHASE_STRIP = NO;
				DEBUG_INFORMATION_FORMAT = "dwarf-with-dsym";
				ENABLE_NS_ASSERTIONS = NO;
				ENABLE_STRICT_OBJC_MSGSEND = YES;
				GCC_C_LANGUAGE_STANDARD = gnu11;
				GCC_NO_COMMON_BLOCKS = YES;
				GCC_WARN_64_TO_32_BIT_CONVERSION = YES;
				GCC_WARN_ABOUT_RETURN_TYPE = YES_ERROR;
				GCC_WARN_UNDECLARED_SELECTOR = YES;
				GCC_WARN_UNINITIALIZED_AUTOS = YES_AGGRESSIVE;
				GCC_WARN_UNUSED_FUNCTION = YES;
				GCC_WARN_UNUSED_VARIABLE = YES;
				IPHONEOS_DEPLOYMENT_TARGET = 13.0;
				MTL_ENABLE_DEBUG_INFO = NO;
				MTL_FAST_MATH = YES;
				SDKROOT = iphoneos;
				SWIFT_COMPILATION_MODE = wholemodule;
				SWIFT_OPTIMIZATION_LEVEL = "-O";
				VALIDATE_PRODUCT = YES;
			};
			name = Release;
		};
		84E4C7FA29CAD6F90004732C /* Debug */ = {
			isa = XCBuildConfiguration;
			buildSettings = {
				ASSETCATALOG_COMPILER_APPICON_NAME = AppIcon;
				ASSETCATALOG_COMPILER_GLOBAL_ACCENT_COLOR_NAME = AccentColor;
				CODE_SIGN_STYLE = Automatic;
				CURRENT_PROJECT_VERSION = 1;
				GENERATE_INFOPLIST_FILE = YES;
				INFOPLIST_FILE = "Mobile-Cinema-Lab1/Info.plist";
				INFOPLIST_KEY_UIApplicationSupportsIndirectInputEvents = YES;
				INFOPLIST_KEY_UILaunchStoryboardName = LaunchScreen;
				INFOPLIST_KEY_UIMainStoryboardFile = "";
				INFOPLIST_KEY_UISupportedInterfaceOrientations = UIInterfaceOrientationPortrait;
				INFOPLIST_KEY_UISupportedInterfaceOrientations_iPad = "UIInterfaceOrientationLandscapeLeft UIInterfaceOrientationLandscapeRight UIInterfaceOrientationPortrait UIInterfaceOrientationPortraitUpsideDown";
				IPHONEOS_DEPLOYMENT_TARGET = 13.0;
				LD_RUNPATH_SEARCH_PATHS = (
					"$(inherited)",
					"@executable_path/Frameworks",
				);
				MARKETING_VERSION = 1.0;
				PRODUCT_BUNDLE_IDENTIFIER = "foolery.Mobile-Cinema-Lab1";
				PRODUCT_NAME = "$(TARGET_NAME)";
				SWIFT_EMIT_LOC_STRINGS = YES;
				SWIFT_VERSION = 5.0;
				TARGETED_DEVICE_FAMILY = "1,2";
			};
			name = Debug;
		};
		84E4C7FB29CAD6F90004732C /* Release */ = {
			isa = XCBuildConfiguration;
			buildSettings = {
				ASSETCATALOG_COMPILER_APPICON_NAME = AppIcon;
				ASSETCATALOG_COMPILER_GLOBAL_ACCENT_COLOR_NAME = AccentColor;
				CODE_SIGN_STYLE = Automatic;
				CURRENT_PROJECT_VERSION = 1;
				GENERATE_INFOPLIST_FILE = YES;
				INFOPLIST_FILE = "Mobile-Cinema-Lab1/Info.plist";
				INFOPLIST_KEY_UIApplicationSupportsIndirectInputEvents = YES;
				INFOPLIST_KEY_UILaunchStoryboardName = LaunchScreen;
				INFOPLIST_KEY_UIMainStoryboardFile = "";
				INFOPLIST_KEY_UISupportedInterfaceOrientations = UIInterfaceOrientationPortrait;
				INFOPLIST_KEY_UISupportedInterfaceOrientations_iPad = "UIInterfaceOrientationLandscapeLeft UIInterfaceOrientationLandscapeRight UIInterfaceOrientationPortrait UIInterfaceOrientationPortraitUpsideDown";
				IPHONEOS_DEPLOYMENT_TARGET = 13.0;
				LD_RUNPATH_SEARCH_PATHS = (
					"$(inherited)",
					"@executable_path/Frameworks",
				);
				MARKETING_VERSION = 1.0;
				PRODUCT_BUNDLE_IDENTIFIER = "foolery.Mobile-Cinema-Lab1";
				PRODUCT_NAME = "$(TARGET_NAME)";
				SWIFT_EMIT_LOC_STRINGS = YES;
				SWIFT_VERSION = 5.0;
				TARGETED_DEVICE_FAMILY = "1,2";
			};
			name = Release;
		};
/* End XCBuildConfiguration section */

/* Begin XCConfigurationList section */
		84E4C7E029CAD6F80004732C /* Build configuration list for PBXProject "Mobile-Cinema-Lab1" */ = {
			isa = XCConfigurationList;
			buildConfigurations = (
				84E4C7F729CAD6F90004732C /* Debug */,
				84E4C7F829CAD6F90004732C /* Release */,
			);
			defaultConfigurationIsVisible = 0;
			defaultConfigurationName = Release;
		};
		84E4C7F929CAD6F90004732C /* Build configuration list for PBXNativeTarget "Mobile-Cinema-Lab1" */ = {
			isa = XCConfigurationList;
			buildConfigurations = (
				84E4C7FA29CAD6F90004732C /* Debug */,
				84E4C7FB29CAD6F90004732C /* Release */,
			);
			defaultConfigurationIsVisible = 0;
			defaultConfigurationName = Release;
		};
/* End XCConfigurationList section */

/* Begin XCRemoteSwiftPackageReference section */
		844A26B029D7F9A200395B0C /* XCRemoteSwiftPackageReference "SnapKit" */ = {
			isa = XCRemoteSwiftPackageReference;
			repositoryURL = "https://github.com/SnapKit/SnapKit.git";
			requirement = {
				branch = develop;
				kind = branch;
			};
		};
		844A26B329D7F9B700395B0C /* XCRemoteSwiftPackageReference "SwiftKeychainWrapper" */ = {
			isa = XCRemoteSwiftPackageReference;
			repositoryURL = "https://github.com/jrendel/SwiftKeychainWrapper.git";
			requirement = {
				branch = develop;
				kind = branch;
			};
		};
		844A26B629D7F9C700395B0C /* XCRemoteSwiftPackageReference "Alamofire" */ = {
			isa = XCRemoteSwiftPackageReference;
			repositoryURL = "https://github.com/Alamofire/Alamofire.git";
			requirement = {
				branch = master;
				kind = branch;
			};
		};
/* End XCRemoteSwiftPackageReference section */

/* Begin XCSwiftPackageProductDependency section */
		844A26B129D7F9A200395B0C /* SnapKit */ = {
			isa = XCSwiftPackageProductDependency;
			package = 844A26B029D7F9A200395B0C /* XCRemoteSwiftPackageReference "SnapKit" */;
			productName = SnapKit;
		};
		844A26B429D7F9B700395B0C /* SwiftKeychainWrapper */ = {
			isa = XCSwiftPackageProductDependency;
			package = 844A26B329D7F9B700395B0C /* XCRemoteSwiftPackageReference "SwiftKeychainWrapper" */;
			productName = SwiftKeychainWrapper;
		};
		844A26B729D7F9C700395B0C /* Alamofire */ = {
			isa = XCSwiftPackageProductDependency;
			package = 844A26B629D7F9C700395B0C /* XCRemoteSwiftPackageReference "Alamofire" */;
			productName = Alamofire;
		};
/* End XCSwiftPackageProductDependency section */
	};
	rootObject = 84E4C7DD29CAD6F80004732C /* Project object */;
}
